
Microsoft Visual Studio Solution File, Format Version 12.00
# Visual Studio 15
VisualStudioVersion = 15.0.26403.7
MinimumVisualStudioVersion = 10.0.40219.1
Project("{FAE04EC0-301F-11D3-BF4B-00C04F79EFBC}") = "BankApplicationTest", "BankApplicationTest\BankApplicationTest.csproj", "{7A152640-C875-4C44-B46F-FE976DA84741}"
EndProject
Project("{FAE04EC0-301F-11D3-BF4B-00C04F79EFBC}") = "BankApplication", "BankApplication\BankApplication.csproj", "{81A5C59E-9659-47A0-950E-6EBC08497E15}"
EndProject
Global
	GlobalSection(SolutionConfigurationPlatforms) = preSolution
		Debug|Any CPU = Debug|Any CPU
		Release|Any CPU = Release|Any CPU
	EndGlobalSection
	GlobalSection(ProjectConfigurationPlatforms) = postSolution
		{7A152640-C875-4C44-B46F-FE976DA84741}.Debug|Any CPU.ActiveCfg = Debug|Any CPU
		{7A152640-C875-4C44-B46F-FE976DA84741}.Debug|Any CPU.Build.0 = Debug|Any CPU
		{7A152640-C875-4C44-B46F-FE976DA84741}.Release|Any CPU.ActiveCfg = Release|Any CPU
		{7A152640-C875-4C44-B46F-FE976DA84741}.Release|Any CPU.Build.0 = Release|Any CPU
		{81A5C59E-9659-47A0-950E-6EBC08497E15}.Debug|Any CPU.ActiveCfg = Debug|Any CPU
		{81A5C59E-9659-47A0-950E-6EBC08497E15}.Debug|Any CPU.Build.0 = Debug|Any CPU
		{81A5C59E-9659-47A0-950E-6EBC08497E15}.Release|Any CPU.ActiveCfg = Release|Any CPU
		{81A5C59E-9659-47A0-950E-6EBC08497E15}.Release|Any CPU.Build.0 = Release|Any CPU
	EndGlobalSection
	GlobalSection(SolutionProperties) = preSolution
		HideSolutionNode = FALSE
	EndGlobalSection
EndGlobal
